{
  "name": "generator-csv",
  "version": "1.0.0",
  "lockfileVersion": 1,
  "requires": true,
  "dependencies": {
    "csv-writer": {
      "version": "1.1.0",
      "resolved": "https://registry.npmjs.org/csv-writer/-/csv-writer-1.1.0.tgz",
      "integrity": "sha512-RuBZzzqkd+me6UhIuPFHEKPvKdgBtR+bBgYXglx2+EiI+PZOE9MluwbJ7c/tJjvuySWO8fCiX7xwMDFylCucxA=="
    },
    "dateformat": {
      "version": "3.0.3",
      "resolved": "https://registry.npmjs.org/dateformat/-/dateformat-3.0.3.tgz",
      "integrity": "sha512-jyCETtSl3VMZMWeRo7iY1FL19ges1t55hMo5yaam4Jrsm5EPL89UQkoQRyiI+Yf4k8r2ZpdngkV8hr1lIdjb3Q=="
    },
    "progress": {
      "version": "2.0.0",
      "resolved": "https://registry.npmjs.org/progress/-/progress-2.0.0.tgz",
      "integrity": "sha1-ihvjZr+Pwj2yvSPxDG/pILQ4nR8="
    }
  }
}
